
Microsoft Visual Studio Solution File, Format Version 12.00
# Visual Studio 15
VisualStudioVersion = 15.0.27703.2018
MinimumVisualStudioVersion = 10.0.40219.1
Project("{FAE04EC0-301F-11D3-BF4B-00C04F79EFBC}") = "Algorhytme", "Algorhytme\Algorhytme.csproj", "{1E739BF2-BF72-45F2-9DE0-9A08B67A373E}"
EndProject
Global
	GlobalSection(SolutionConfigurationPlatforms) = preSolution
		Debug|Any CPU = Debug|Any CPU
		Release|Any CPU = Release|Any CPU
	EndGlobalSection
	GlobalSection(ProjectConfigurationPlatforms) = postSolution
		{1E739BF2-BF72-45F2-9DE0-9A08B67A373E}.Debug|Any CPU.ActiveCfg = Debug|Any CPU
		{1E739BF2-BF72-45F2-9DE0-9A08B67A373E}.Debug|Any CPU.Build.0 = Debug|Any CPU
		{1E739BF2-BF72-45F2-9DE0-9A08B67A373E}.Release|Any CPU.ActiveCfg = Release|Any CPU
		{1E739BF2-BF72-45F2-9DE0-9A08B67A373E}.Release|Any CPU.Build.0 = Release|Any CPU
	EndGlobalSection
	GlobalSection(SolutionProperties) = preSolution
		HideSolutionNode = FALSE
	EndGlobalSection
	GlobalSection(ExtensibilityGlobals) = postSolution
		SolutionGuid = {B063EA94-7B77-46DB-AFA6-FC2F30106C2B}
	EndGlobalSection
EndGlobal
